PODS:
  - Albatross (0.1.0):
    - Wildcard
  - Wildcard (1.0.5)

DEPENDENCIES:
  - Albatross (from `../`)
  - Wildcard

EXTERNAL SOURCES:
  Albatross:
    :path: "../"

SPEC CHECKSUMS:
  Albatross: 4252180b88df641d44889fe2b30d38f9a42f269e
  Wildcard: 8279bd3eb02016240f2354012746372ad624a637

COCOAPODS: 0.37.2
