PODS:
  - Albatross (0.1.0):
    - Wildcard
  - FBSnapshotTestCase (1.8.1)
  - Wildcard (1.0.5)

DEPENDENCIES:
  - Albatross (from `../`)
  - FBSnapshotTestCase
  - Wildcard

EXTERNAL SOURCES:
  Albatross:
    :path: "../"

SPEC CHECKSUMS:
  Albatross: e37989b2ab4bc8ca1ada5e5cf162e59faab0422c
  FBSnapshotTestCase: 3dc3899168747a0319c5278f5b3445c13a6532dd
  Wildcard: 8279bd3eb02016240f2354012746372ad624a637

COCOAPODS: 0.37.2
